
Microsoft Visual Studio Solution File, Format Version 12.00
# Visual Studio Version 16
VisualStudioVersion = 16.0.30320.27
MinimumVisualStudioVersion = 10.0.40219.1
Project("{FAE04EC0-301F-11D3-BF4B-00C04F79EFBC}") = "LogCollector", "LogCollector\LogCollector.csproj", "{D4A3E4D5-5FD4-49FB-9434-B6FA4057B233}"
EndProject
Global
	GlobalSection(SolutionConfigurationPlatforms) = preSolution
		Debug|Any CPU = Debug|Any CPU
		Release|Any CPU = Release|Any CPU
	EndGlobalSection
	GlobalSection(ProjectConfigurationPlatforms) = postSolution
		{D4A3E4D5-5FD4-49FB-9434-B6FA4057B233}.Debug|Any CPU.ActiveCfg = Debug|Any CPU
		{D4A3E4D5-5FD4-49FB-9434-B6FA4057B233}.Debug|Any CPU.Build.0 = Debug|Any CPU
		{D4A3E4D5-5FD4-49FB-9434-B6FA4057B233}.Release|Any CPU.ActiveCfg = Release|Any CPU
		{D4A3E4D5-5FD4-49FB-9434-B6FA4057B233}.Release|Any CPU.Build.0 = Release|Any CPU
	EndGlobalSection
	GlobalSection(SolutionProperties) = preSolution
		HideSolutionNode = FALSE
	EndGlobalSection
	GlobalSection(ExtensibilityGlobals) = postSolution
		SolutionGuid = {05EA8710-8FCD-4766-BA9F-DAD79764BFFA}
	EndGlobalSection
EndGlobal
